// !$*UTF8*$!
{
	archiveVersion = 1;
	classes = {
	};
	objectVersion = 46;
	objects = {

/* Begin PBXBuildFile section */
		112D33EB1CACEE1300C2EAE3 /* AppDelegate.swift in Sources */ = {isa = PBXBuildFile; fileRef = 112D33EA1CACEE1300C2EAE3 /* AppDelegate.swift */; };
		112D33F01CACEE1300C2EAE3 /* Main.storyboard in Resources */ = {isa = PBXBuildFile; fileRef = 112D33EE1CACEE1300C2EAE3 /* Main.storyboard */; };
		112D33F21CACEE1300C2EAE3 /* Assets.xcassets in Resources */ = {isa = PBXBuildFile; fileRef = 112D33F11CACEE1300C2EAE3 /* Assets.xcassets */; };
		112D33F51CACEE1300C2EAE3 /* LaunchScreen.storyboard in Resources */ = {isa = PBXBuildFile; fileRef = 112D33F31CACEE1300C2EAE3 /* LaunchScreen.storyboard */; };
		112D34051CADADC200C2EAE3 /* ConfirmacionPizza.swift in Sources */ = {isa = PBXBuildFile; fileRef = 112D34041CADADC200C2EAE3 /* ConfirmacionPizza.swift */; };
		112D34071CAF095B00C2EAE3 /* VistaIngredientes.swift in Sources */ = {isa = PBXBuildFile; fileRef = 112D34061CAF095B00C2EAE3 /* VistaIngredientes.swift */; };
		112D34091CB0281800C2EAE3 /* TamanoPizza.swift in Sources */ = {isa = PBXBuildFile; fileRef = 112D34081CB0281800C2EAE3 /* TamanoPizza.swift */; };
		112D34111CB0369A00C2EAE3 /* TipoMasa.swift in Sources */ = {isa = PBXBuildFile; fileRef = 112D34101CB0369A00C2EAE3 /* TipoMasa.swift */; };
		112D34131CB0398F00C2EAE3 /* TipoQueso.swift in Sources */ = {isa = PBXBuildFile; fileRef = 112D34121CB0398F00C2EAE3 /* TipoQueso.swift */; };
		11DB771D1CE74C2F00543735 /* pizza.png in Resources */ = {isa = PBXBuildFile; fileRef = 11DB771C1CE74C2F00543735 /* pizza.png */; };
/* End PBXBuildFile section */

/* Begin PBXFileReference section */
		112D33E71CACEE1300C2EAE3 /* CreaTuPizza.app */ = {isa = PBXFileReference; explicitFileType = wrapper.application; includeInIndex = 0; path = CreaTuPizza.app; sourceTree = BUILT_PRODUCTS_DIR; };
		112D33EA1CACEE1300C2EAE3 /* AppDelegate.swift */ = {isa = PBXFileReference; lastKnownFileType = sourcecode.swift; path = AppDelegate.swift; sourceTree = "<group>"; };
		112D33EF1CACEE1300C2EAE3 /* Base */ = {isa = PBXFileReference; lastKnownFileType = file.storyboard; name = Base; path = Base.lproj/Main.storyboard; sourceTree = "<group>"; };
		112D33F11CACEE1300C2EAE3 /* Assets.xcassets */ = {isa = PBXFileReference; lastKnownFileType = folder.assetcatalog; path = Assets.xcassets; sourceTree = "<group>"; };
		112D33F41CACEE1300C2EAE3 /* Base */ = {isa = PBXFileReference; lastKnownFileType = file.storyboard; name = Base; path = Base.lproj/LaunchScreen.storyboard; sourceTree = "<group>"; };
		112D33F61CACEE1300C2EAE3 /* Info.plist */ = {isa = PBXFileReference; lastKnownFileType = text.plist.xml; path = Info.plist; sourceTree = "<group>"; };
		112D34041CADADC200C2EAE3 /* ConfirmacionPizza.swift */ = {isa = PBXFileReference; fileEncoding = 4; lastKnownFileType = sourcecode.swift; path = ConfirmacionPizza.swift; sourceTree = "<group>"; };
		112D34061CAF095B00C2EAE3 /* VistaIngredientes.swift */ = {isa = PBXFileReference; fileEncoding = 4; lastKnownFileType = sourcecode.swift; path = VistaIngredientes.swift; sourceTree = "<group>"; };
		112D34081CB0281800C2EAE3 /* TamanoPizza.swift */ = {isa = PBXFileReference; fileEncoding = 4; lastKnownFileType = sourcecode.swift; path = TamanoPizza.swift; sourceTree = "<group>"; };
		112D34101CB0369A00C2EAE3 /* TipoMasa.swift */ = {isa = PBXFileReference; fileEncoding = 4; lastKnownFileType = sourcecode.swift; path = TipoMasa.swift; sourceTree = "<group>"; };
		112D34121CB0398F00C2EAE3 /* TipoQueso.swift */ = {isa = PBXFileReference; fileEncoding = 4; lastKnownFileType = sourcecode.swift; path = TipoQueso.swift; sourceTree = "<group>"; };
		11DB771C1CE74C2F00543735 /* pizza.png */ = {isa = PBXFileReference; lastKnownFileType = image.png; path = pizza.png; sourceTree = "<group>"; };
/* End PBXFileReference section */

/* Begin PBXFrameworksBuildPhase section */
		112D33E41CACEE1300C2EAE3 /* Frameworks */ = {
			isa = PBXFrameworksBuildPhase;
			buildActionMask = 2147483647;
			files = (
			);
			runOnlyForDeploymentPostprocessing = 0;
		};
/* End PBXFrameworksBuildPhase section */

/* Begin PBXGroup section */
		112D33DE1CACEE1300C2EAE3 = {
			isa = PBXGroup;
			children = (
				112D33E91CACEE1300C2EAE3 /* CreaTuPizza */,
				112D33E81CACEE1300C2EAE3 /* Products */,
			);
			sourceTree = "<group>";
		};
		112D33E81CACEE1300C2EAE3 /* Products */ = {
			isa = PBXGroup;
			children = (
				112D33E71CACEE1300C2EAE3 /* CreaTuPizza.app */,
			);
			name = Products;
			sourceTree = "<group>";
		};
		112D33E91CACEE1300C2EAE3 /* CreaTuPizza */ = {
			isa = PBXGroup;
			children = (
				11DB771C1CE74C2F00543735 /* pizza.png */,
				112D33EA1CACEE1300C2EAE3 /* AppDelegate.swift */,
				112D33EE1CACEE1300C2EAE3 /* Main.storyboard */,
				112D33F11CACEE1300C2EAE3 /* Assets.xcassets */,
				112D33F31CACEE1300C2EAE3 /* LaunchScreen.storyboard */,
				112D33F61CACEE1300C2EAE3 /* Info.plist */,
				112D34041CADADC200C2EAE3 /* ConfirmacionPizza.swift */,
				112D34061CAF095B00C2EAE3 /* VistaIngredientes.swift */,
				112D34081CB0281800C2EAE3 /* TamanoPizza.swift */,
				112D34101CB0369A00C2EAE3 /* TipoMasa.swift */,
				112D34121CB0398F00C2EAE3 /* TipoQueso.swift */,
			);
			path = CreaTuPizza;
			sourceTree = "<group>";
		};
/* End PBXGroup section */

/* Begin PBXNativeTarget section */
		112D33E61CACEE1300C2EAE3 /* CreaTuPizza */ = {
			isa = PBXNativeTarget;
			buildConfigurationList = 112D33F91CACEE1300C2EAE3 /* Build configuration list for PBXNativeTarget "CreaTuPizza" */;
			buildPhases = (
				112D33E31CACEE1300C2EAE3 /* Sources */,
				112D33E41CACEE1300C2EAE3 /* Frameworks */,
				112D33E51CACEE1300C2EAE3 /* Resources */,
			);
			buildRules = (
			);
			dependencies = (
			);
			name = CreaTuPizza;
			productName = CreaTuPizza;
			productReference = 112D33E71CACEE1300C2EAE3 /* CreaTuPizza.app */;
			productType = "com.apple.product-type.application";
		};
/* End PBXNativeTarget section */

/* Begin PBXProject section */
		112D33DF1CACEE1300C2EAE3 /* Project object */ = {
			isa = PBXProject;
			attributes = {
				LastSwiftUpdateCheck = 0730;
				LastUpgradeCheck = 0730;
				ORGANIZATIONNAME = JdeVillar;
				TargetAttributes = {
					112D33E61CACEE1300C2EAE3 = {
						CreatedOnToolsVersion = 7.3;
					};
				};
			};
			buildConfigurationList = 112D33E21CACEE1300C2EAE3 /* Build configuration list for PBXProject "CreaTuPizza" */;
			compatibilityVersion = "Xcode 3.2";
			developmentRegion = English;
			hasScannedForEncodings = 0;
			knownRegions = (
				en,
				Base,
			);
			mainGroup = 112D33DE1CACEE1300C2EAE3;
			productRefGroup = 112D33E81CACEE1300C2EAE3 /* Products */;
			projectDirPath = "";
			projectRoot = "";
			targets = (
				112D33E61CACEE1300C2EAE3 /* CreaTuPizza */,
			);
		};
/* End PBXProject section */

/* Begin PBXResourcesBuildPhase section */
		112D33E51CACEE1300C2EAE3 /* Resources */ = {
			isa = PBXResourcesBuildPhase;
			buildActionMask = 2147483647;
			files = (
				112D33F51CACEE1300C2EAE3 /* LaunchScreen.storyboard in Resources */,
				112D33F21CACEE1300C2EAE3 /* Assets.xcassets in Resources */,
				11DB771D1CE74C2F00543735 /* pizza.png in Resources */,
				112D33F01CACEE1300C2EAE3 /* Main.storyboard in Resources */,
			);
			runOnlyForDeploymentPostprocessing = 0;
		};
/* End PBXResourcesBuildPhase section */

/* Begin PBXSourcesBuildPhase section */
		112D33E31CACEE1300C2EAE3 /* Sources */ = {
			isa = PBXSourcesBuildPhase;
			buildActionMask = 2147483647;
			files = (
				112D34111CB0369A00C2EAE3 /* TipoMasa.swift in Sources */,
				112D34071CAF095B00C2EAE3 /* VistaIngredientes.swift in Sources */,
				112D34091CB0281800C2EAE3 /* TamanoPizza.swift in Sources */,
				112D34051CADADC200C2EAE3 /* ConfirmacionPizza.swift in Sources */,
				112D33EB1CACEE1300C2EAE3 /* AppDelegate.swift in Sources */,
				112D34131CB0398F00C2EAE3 /* TipoQueso.swift in Sources */,
			);
			runOnlyForDeploymentPostprocessing = 0;
		};
/* End PBXSourcesBuildPhase section */

/* Begin PBXVariantGroup section */
		112D33EE1CACEE1300C2EAE3 /* Main.storyboard */ = {
			isa = PBXVariantGroup;
			children = (
				112D33EF1CACEE1300C2EAE3 /* Base */,
			);
			name = Main.storyboard;
			sourceTree = "<group>";
		};
		112D33F31CACEE1300C2EAE3 /* LaunchScreen.storyboard */ = {
			isa = PBXVariantGroup;
			children = (
				112D33F41CACEE1300C2EAE3 /* Base */,
			);
			name = LaunchScreen.storyboard;
			sourceTree = "<group>";
		};
/* End PBXVariantGroup section */

/* Begin XCBuildConfiguration section */
		112D33F71CACEE1300C2EAE3 /* Debug */ = {
			isa = XCBuildConfiguration;
			buildSettings = {
				ALWAYS_SEARCH_USER_PATHS = NO;
				CLANG_ANALYZER_NONNULL = YES;
				CLANG_CXX_LANGUAGE_STANDARD = "gnu++0x";
				CLANG_CXX_LIBRARY = "libc++";
				CLANG_ENABLE_MODULES = YES;
				CLANG_ENABLE_OBJC_ARC = YES;
				CLANG_WARN_BOOL_CONVERSION = YES;
				CLANG_WARN_CONSTANT_CONVERSION = YES;
				CLANG_WARN_DIRECT_OBJC_ISA_USAGE = YES_ERROR;
				CLANG_WARN_EMPTY_BODY = YES;
				CLANG_WARN_ENUM_CONVERSION = YES;
				CLANG_WARN_INT_CONVERSION = YES;
				CLANG_WARN_OBJC_ROOT_CLASS = YES_ERROR;
				CLANG_WARN_UNREACHABLE_CODE = YES;
				CLANG_WARN__DUPLICATE_METHOD_MATCH = YES;
				"CODE_SIGN_IDENTITY[sdk=iphoneos*]" = "iPhone Developer";
				COPY_PHASE_STRIP = NO;
				DEBUG_INFORMATION_FORMAT = dwarf;
				ENABLE_STRICT_OBJC_MSGSEND = YES;
				ENABLE_TESTABILITY = YES;
				GCC_C_LANGUAGE_STANDARD = gnu99;
				GCC_DYNAMIC_NO_PIC = NO;
				GCC_NO_COMMON_BLOCKS = YES;
				GCC_OPTIMIZATION_LEVEL = 0;
				GCC_PREPROCESSOR_DEFINITIONS = (
					"DEBUG=1",
					"$(inherited)",
				);
				GCC_WARN_64_TO_32_BIT_CONVERSION = YES;
				GCC_WARN_ABOUT_RETURN_TYPE = YES_ERROR;
				GCC_WARN_UNDECLARED_SELECTOR = YES;
				GCC_WARN_UNINITIALIZED_AUTOS = YES_AGGRESSIVE;
				GCC_WARN_UNUSED_FUNCTION = YES;
				GCC_WARN_UNUSED_VARIABLE = YES;
				IPHONEOS_DEPLOYMENT_TARGET = 9.3;
				MTL_ENABLE_DEBUG_INFO = YES;
				ONLY_ACTIVE_ARCH = YES;
				SDKROOT = iphoneos;
				SWIFT_OPTIMIZATION_LEVEL = "-Onone";
			};
			name = Debug;
		};
		112D33F81CACEE1300C2EAE3 /* Release */ = {
			isa = XCBuildConfiguration;
			buildSettings = {
				ALWAYS_SEARCH_USER_PATHS = NO;
				CLANG_ANALYZER_NONNULL = YES;
				CLANG_CXX_LANGUAGE_STANDARD = "gnu++0x";
				CLANG_CXX_LIBRARY = "libc++";
				CLANG_ENABLE_MODULES = YES;
				CLANG_ENABLE_OBJC_ARC = YES;
				CLANG_WARN_BOOL_CONVERSION = YES;
				CLANG_WARN_CONSTANT_CONVERSION = YES;
				CLANG_WARN_DIRECT_OBJC_ISA_USAGE = YES_ERROR;
				CLANG_WARN_EMPTY_BODY = YES;
				CLANG_WARN_ENUM_CONVERSION = YES;
				CLANG_WARN_INT_CONVERSION = YES;
				CLANG_WARN_OBJC_ROOT_CLASS = YES_ERROR;
				CLANG_WARN_UNREACHABLE_CODE = YES;
				CLANG_WARN__DUPLICATE_METHOD_MATCH = YES;
				"CODE_SIGN_IDENTITY[sdk=iphoneos*]" = "iPhone Developer";
				COPY_PHASE_STRIP = NO;
				DEBUG_INFORMATION_FORMAT = "dwarf-with-dsym";
				ENABLE_NS_ASSERTIONS = NO;
				ENABLE_STRICT_OBJC_MSGSEND = YES;
				GCC_C_LANGUAGE_STANDARD = gnu99;
				GCC_NO_COMMON_BLOCKS = YES;
				GCC_WARN_64_TO_32_BIT_CONVERSION = YES;
				GCC_WARN_ABOUT_RETURN_TYPE = YES_ERROR;
				GCC_WARN_UNDECLARED_SELECTOR = YES;
				GCC_WARN_UNINITIALIZED_AUTOS = YES_AGGRESSIVE;
				GCC_WARN_UNUSED_FUNCTION = YES;
				GCC_WARN_UNUSED_VARIABLE = YES;
				IPHONEOS_DEPLOYMENT_TARGET = 9.3;
				MTL_ENABLE_DEBUG_INFO = NO;
				SDKROOT = iphoneos;
				VALIDATE_PRODUCT = YES;
			};
			name = Release;
		};
		112D33FA1CACEE1300C2EAE3 /* Debug */ = {
			isa = XCBuildConfiguration;
			buildSettings = {
				ASSETCATALOG_COMPILER_APPICON_NAME = AppIcon;
				INFOPLIST_FILE = CreaTuPizza/Info.plist;
				LD_RUNPATH_SEARCH_PATHS = "$(inherited) @executable_path/Frameworks";
				PRODUCT_BUNDLE_IDENTIFIER = es.Jdevillar.CreaTuPizza;
				PRODUCT_NAME = "$(TARGET_NAME)";
			};
			name = Debug;
		};
		112D33FB1CACEE1300C2EAE3 /* Release */ = {
			isa = XCBuildConfiguration;
			buildSettings = {
				ASSETCATALOG_COMPILER_APPICON_NAME = AppIcon;
				INFOPLIST_FILE = CreaTuPizza/Info.plist;
				LD_RUNPATH_SEARCH_PATHS = "$(inherited) @executable_path/Frameworks";
				PRODUCT_BUNDLE_IDENTIFIER = es.Jdevillar.CreaTuPizza;
				PRODUCT_NAME = "$(TARGET_NAME)";
			};
			name = Release;
		};
/* End XCBuildConfiguration section */

/* Begin XCConfigurationList section */
		112D33E21CACEE1300C2EAE3 /* Build configuration list for PBXProject "CreaTuPizza" */ = {
			isa = XCConfigurationList;
			buildConfigurations = (
				112D33F71CACEE1300C2EAE3 /* Debug */,
				112D33F81CACEE1300C2EAE3 /* Release */,
			);
			defaultConfigurationIsVisible = 0;
			defaultConfigurationName = Release;
		};
		112D33F91CACEE1300C2EAE3 /* Build configuration list for PBXNativeTarget "CreaTuPizza" */ = {
			isa = XCConfigurationList;
			buildConfigurations = (
				112D33FA1CACEE1300C2EAE3 /* Debug */,
				112D33FB1CACEE1300C2EAE3 /* Release */,
			);
			defaultConfigurationIsVisible = 0;
			defaultConfigurationName = Release;
		};
/* End XCConfigurationList section */
	};
	rootObject = 112D33DF1CACEE1300C2EAE3 /* Project object */;
}
